
Microsoft Visual Studio Solution File, Format Version 12.00
# Visual Studio 15
VisualStudioVersion = 15.0.28307.572
MinimumVisualStudioVersion = 10.0.40219.1
Project("{FAE04EC0-301F-11D3-BF4B-00C04F79EFBC}") = "Task3", "Task3\Task3.csproj", "{9E3BB088-8FED-4601-B998-3D39AEC87C98}"
EndProject
Global
	GlobalSection(SolutionConfigurationPlatforms) = preSolution
		Debug|Any CPU = Debug|Any CPU
		Release|Any CPU = Release|Any CPU
	EndGlobalSection
	GlobalSection(ProjectConfigurationPlatforms) = postSolution
		{9E3BB088-8FED-4601-B998-3D39AEC87C98}.Debug|Any CPU.ActiveCfg = Debug|Any CPU
		{9E3BB088-8FED-4601-B998-3D39AEC87C98}.Debug|Any CPU.Build.0 = Debug|Any CPU
		{9E3BB088-8FED-4601-B998-3D39AEC87C98}.Release|Any CPU.ActiveCfg = Release|Any CPU
		{9E3BB088-8FED-4601-B998-3D39AEC87C98}.Release|Any CPU.Build.0 = Release|Any CPU
	EndGlobalSection
	GlobalSection(SolutionProperties) = preSolution
		HideSolutionNode = FALSE
	EndGlobalSection
	GlobalSection(ExtensibilityGlobals) = postSolution
		SolutionGuid = {68ECA27B-2864-49B1-9178-FA73C209B1E0}
	EndGlobalSection
EndGlobal
