
Microsoft Visual Studio Solution File, Format Version 12.00
# Visual Studio 15
VisualStudioVersion = 15.0.28307.572
MinimumVisualStudioVersion = 10.0.40219.1
Project("{888888A0-9F3D-457C-B088-3A5042F75D52}") = "Task8-Final", "Task8-Final\Task8-Final.pyproj", "{1CABD075-02D9-4C0B-882C-0193F91C2C1F}"
EndProject
Global
	GlobalSection(SolutionConfigurationPlatforms) = preSolution
		Debug|Any CPU = Debug|Any CPU
		Release|Any CPU = Release|Any CPU
	EndGlobalSection
	GlobalSection(ProjectConfigurationPlatforms) = postSolution
		{1CABD075-02D9-4C0B-882C-0193F91C2C1F}.Debug|Any CPU.ActiveCfg = Debug|Any CPU
		{1CABD075-02D9-4C0B-882C-0193F91C2C1F}.Debug|Any CPU.Build.0 = Debug|Any CPU
		{1CABD075-02D9-4C0B-882C-0193F91C2C1F}.Release|Any CPU.ActiveCfg = Release|Any CPU
		{1CABD075-02D9-4C0B-882C-0193F91C2C1F}.Release|Any CPU.Build.0 = Release|Any CPU
	EndGlobalSection
	GlobalSection(SolutionProperties) = preSolution
		HideSolutionNode = FALSE
	EndGlobalSection
	GlobalSection(ExtensibilityGlobals) = postSolution
		SolutionGuid = {F5087840-E7DD-4C1C-8E80-A786554D99F6}
	EndGlobalSection
EndGlobal
